
Microsoft Visual Studio Solution File, Format Version 12.00
# Visual Studio Version 17
VisualStudioVersion = 17.9.34622.214
MinimumVisualStudioVersion = 10.0.40219.1
Project("{9A19103F-16F7-4668-BE54-9A1E7A4F7556}") = "App.UI.Web", "App.UI.Web\App.UI.Web.csproj", "{3623FF55-FB57-44AC-8DE2-6AA1CBADEB60}"
EndProject
Project("{9A19103F-16F7-4668-BE54-9A1E7A4F7556}") = "App.Infrastructure", "App.Infrastructure\App.Infrastructure.csproj", "{5D95D6D2-BCD9-4A69-86BE-909190AA3AE5}"
EndProject
Project("{9A19103F-16F7-4668-BE54-9A1E7A4F7556}") = "App.ApplicationCore", "App.ApplicationCore\App.ApplicationCore.csproj", "{1F3DD2A3-07FC-4061-99EC-D784C4CB330C}"
EndProject
Global
	GlobalSection(SolutionConfigurationPlatforms) = preSolution
		Debug|Any CPU = Debug|Any CPU
		Release|Any CPU = Release|Any CPU
	EndGlobalSection
	GlobalSection(ProjectConfigurationPlatforms) = postSolution
		{3623FF55-FB57-44AC-8DE2-6AA1CBADEB60}.Debug|Any CPU.ActiveCfg = Debug|Any CPU
		{3623FF55-FB57-44AC-8DE2-6AA1CBADEB60}.Debug|Any CPU.Build.0 = Debug|Any CPU
		{3623FF55-FB57-44AC-8DE2-6AA1CBADEB60}.Release|Any CPU.ActiveCfg = Release|Any CPU
		{3623FF55-FB57-44AC-8DE2-6AA1CBADEB60}.Release|Any CPU.Build.0 = Release|Any CPU
		{5D95D6D2-BCD9-4A69-86BE-909190AA3AE5}.Debug|Any CPU.ActiveCfg = Debug|Any CPU
		{5D95D6D2-BCD9-4A69-86BE-909190AA3AE5}.Debug|Any CPU.Build.0 = Debug|Any CPU
		{5D95D6D2-BCD9-4A69-86BE-909190AA3AE5}.Release|Any CPU.ActiveCfg = Release|Any CPU
		{5D95D6D2-BCD9-4A69-86BE-909190AA3AE5}.Release|Any CPU.Build.0 = Release|Any CPU
		{1F3DD2A3-07FC-4061-99EC-D784C4CB330C}.Debug|Any CPU.ActiveCfg = Debug|Any CPU
		{1F3DD2A3-07FC-4061-99EC-D784C4CB330C}.Debug|Any CPU.Build.0 = Debug|Any CPU
		{1F3DD2A3-07FC-4061-99EC-D784C4CB330C}.Release|Any CPU.ActiveCfg = Release|Any CPU
		{1F3DD2A3-07FC-4061-99EC-D784C4CB330C}.Release|Any CPU.Build.0 = Release|Any CPU
	EndGlobalSection
	GlobalSection(SolutionProperties) = preSolution
		HideSolutionNode = FALSE
	EndGlobalSection
	GlobalSection(ExtensibilityGlobals) = postSolution
		SolutionGuid = {C3B0D1C4-4ACA-4A3F-B7BE-9102B475B5C0}
	EndGlobalSection
EndGlobal
